
Microsoft Visual Studio Solution File, Format Version 12.00
# Visual Studio Version 17
VisualStudioVersion = 17.0.32112.339
MinimumVisualStudioVersion = 10.0.40219.1
Project("{FAE04EC0-301F-11D3-BF4B-00C04F79EFBC}") = "GateEnterySystem", "GateEnterySystem.csproj", "{19020677-0D7B-450C-987F-A5961D5A09F4}"
EndProject
Project("{54435603-DBB4-11D2-8724-00A0C9A8B90C}") = "SetupGateEntrySystem", "..\SetupGateEntrySystem\SetupGateEntrySystem.vdproj", "{D770161A-8D7A-4338-9B09-13D0FF93B3D4}"
EndProject
Global
	GlobalSection(SolutionConfigurationPlatforms) = preSolution
		Debug|Any CPU = Debug|Any CPU
		Release|Any CPU = Release|Any CPU
	EndGlobalSection
	GlobalSection(ProjectConfigurationPlatforms) = postSolution
		{19020677-0D7B-450C-987F-A5961D5A09F4}.Debug|Any CPU.ActiveCfg = Debug|Any CPU
		{19020677-0D7B-450C-987F-A5961D5A09F4}.Debug|Any CPU.Build.0 = Debug|Any CPU
		{19020677-0D7B-450C-987F-A5961D5A09F4}.Release|Any CPU.ActiveCfg = Release|Any CPU
		{19020677-0D7B-450C-987F-A5961D5A09F4}.Release|Any CPU.Build.0 = Release|Any CPU
		{D770161A-8D7A-4338-9B09-13D0FF93B3D4}.Debug|Any CPU.ActiveCfg = Debug
		{D770161A-8D7A-4338-9B09-13D0FF93B3D4}.Release|Any CPU.ActiveCfg = Release
	EndGlobalSection
	GlobalSection(SolutionProperties) = preSolution
		HideSolutionNode = FALSE
	EndGlobalSection
	GlobalSection(ExtensibilityGlobals) = postSolution
		SolutionGuid = {786937EF-1875-433C-B8E3-D504D6BA8D76}
	EndGlobalSection
EndGlobal
